
Microsoft Visual Studio Solution File, Format Version 12.00
# Visual Studio 2013
VisualStudioVersion = 12.0.31101.0
MinimumVisualStudioVersion = 10.0.40219.1
Project("{FAE04EC0-301F-11D3-BF4B-00C04F79EFBC}") = "ACM.BL", "ACM.BL\ACM.BL.csproj", "{C7AF24C6-4CF0-4DBC-98E8-DBF61463C77A}"
EndProject
Project("{2150E333-8FDC-42A3-9474-1A3956D46DE8}") = "Test", "Test", "{8C950AB5-69A0-4DB8-8D16-34F49349600D}"
EndProject
Project("{FAE04EC0-301F-11D3-BF4B-00C04F79EFBC}") = "ACM.BLTest", "ACM.BLTest\ACM.BLTest.csproj", "{7E80B625-BFD1-4972-AFE1-1797322742B6}"
EndProject
Global
	GlobalSection(SolutionConfigurationPlatforms) = preSolution
		Debug|Any CPU = Debug|Any CPU
		Release|Any CPU = Release|Any CPU
	EndGlobalSection
	GlobalSection(ProjectConfigurationPlatforms) = postSolution
		{C7AF24C6-4CF0-4DBC-98E8-DBF61463C77A}.Debug|Any CPU.ActiveCfg = Debug|Any CPU
		{C7AF24C6-4CF0-4DBC-98E8-DBF61463C77A}.Debug|Any CPU.Build.0 = Debug|Any CPU
		{C7AF24C6-4CF0-4DBC-98E8-DBF61463C77A}.Release|Any CPU.ActiveCfg = Release|Any CPU
		{C7AF24C6-4CF0-4DBC-98E8-DBF61463C77A}.Release|Any CPU.Build.0 = Release|Any CPU
		{7E80B625-BFD1-4972-AFE1-1797322742B6}.Debug|Any CPU.ActiveCfg = Debug|Any CPU
		{7E80B625-BFD1-4972-AFE1-1797322742B6}.Debug|Any CPU.Build.0 = Debug|Any CPU
		{7E80B625-BFD1-4972-AFE1-1797322742B6}.Release|Any CPU.ActiveCfg = Release|Any CPU
		{7E80B625-BFD1-4972-AFE1-1797322742B6}.Release|Any CPU.Build.0 = Release|Any CPU
	EndGlobalSection
	GlobalSection(SolutionProperties) = preSolution
		HideSolutionNode = FALSE
	EndGlobalSection
	GlobalSection(NestedProjects) = preSolution
		{7E80B625-BFD1-4972-AFE1-1797322742B6} = {8C950AB5-69A0-4DB8-8D16-34F49349600D}
	EndGlobalSection
EndGlobal
